// !$*UTF8*$!
{
	archiveVersion = 1;
	classes = {
	};
	objectVersion = 51;
	objects = {

/* Begin PBXBuildFile section */
		159876AC4B503D14E8F4FCBB /* Pods_FiltersDemoProject.framework in Frameworks */ = {isa = PBXBuildFile; fileRef = 5109FD0D4ED740C52CCB5C0B /* Pods_FiltersDemoProject.framework */; };
		BF78CC1526B7EBED00EB8308 /* AppDelegate.swift in Sources */ = {isa = PBXBuildFile; fileRef = BF78CC1426B7EBED00EB8308 /* AppDelegate.swift */; };
		BF78CC1726B7EBED00EB8308 /* SceneDelegate.swift in Sources */ = {isa = PBXBuildFile; fileRef = BF78CC1626B7EBED00EB8308 /* SceneDelegate.swift */; };
		BF78CC1926B7EBED00EB8308 /* ViewController.swift in Sources */ = {isa = PBXBuildFile; fileRef = BF78CC1826B7EBED00EB8308 /* ViewController.swift */; };
		BF78CC1C26B7EBED00EB8308 /* Main.storyboard in Resources */ = {isa = PBXBuildFile; fileRef = BF78CC1A26B7EBED00EB8308 /* Main.storyboard */; };
		BF78CC1E26B7EBEF00EB8308 /* Assets.xcassets in Resources */ = {isa = PBXBuildFile; fileRef = BF78CC1D26B7EBEF00EB8308 /* Assets.xcassets */; };
		BF78CC2126B7EBEF00EB8308 /* LaunchScreen.storyboard in Resources */ = {isa = PBXBuildFile; fileRef = BF78CC1F26B7EBEF00EB8308 /* LaunchScreen.storyboard */; };
		BF98B14126BDD4B400A0FBAC /* README.md in Resources */ = {isa = PBXBuildFile; fileRef = BF98B14026BDD4B400A0FBAC /* README.md */; };
/* End PBXBuildFile section */

/* Begin PBXCopyFilesBuildPhase section */
		BF8EEB0426BD69DE0007D3F4 /* Embed Frameworks */ = {
			isa = PBXCopyFilesBuildPhase;
			buildActionMask = 2147483647;
			dstPath = "";
			dstSubfolderSpec = 10;
			files = (
			);
			name = "Embed Frameworks";
			runOnlyForDeploymentPostprocessing = 0;
		};
/* End PBXCopyFilesBuildPhase section */

/* Begin PBXFileReference section */
		5109FD0D4ED740C52CCB5C0B /* Pods_FiltersDemoProject.framework */ = {isa = PBXFileReference; explicitFileType = wrapper.framework; includeInIndex = 0; path = Pods_FiltersDemoProject.framework; sourceTree = BUILT_PRODUCTS_DIR; };
		55DC7D5987C0697B981FC339 /* Pods-FiltersDemoProject.release.xcconfig */ = {isa = PBXFileReference; includeInIndex = 1; lastKnownFileType = text.xcconfig; name = "Pods-FiltersDemoProject.release.xcconfig"; path = "Target Support Files/Pods-FiltersDemoProject/Pods-FiltersDemoProject.release.xcconfig"; sourceTree = "<group>"; };
		B3893A36D291A65C99DBC0FF /* Pods-FiltersDemoProject.debug.xcconfig */ = {isa = PBXFileReference; includeInIndex = 1; lastKnownFileType = text.xcconfig; name = "Pods-FiltersDemoProject.debug.xcconfig"; path = "Target Support Files/Pods-FiltersDemoProject/Pods-FiltersDemoProject.debug.xcconfig"; sourceTree = "<group>"; };
		BF78CC1126B7EBED00EB8308 /* FiltersDemoProject.app */ = {isa = PBXFileReference; explicitFileType = wrapper.application; includeInIndex = 0; path = FiltersDemoProject.app; sourceTree = BUILT_PRODUCTS_DIR; };
		BF78CC1426B7EBED00EB8308 /* AppDelegate.swift */ = {isa = PBXFileReference; lastKnownFileType = sourcecode.swift; path = AppDelegate.swift; sourceTree = "<group>"; };
		BF78CC1626B7EBED00EB8308 /* SceneDelegate.swift */ = {isa = PBXFileReference; lastKnownFileType = sourcecode.swift; path = SceneDelegate.swift; sourceTree = "<group>"; };
		BF78CC1826B7EBED00EB8308 /* ViewController.swift */ = {isa = PBXFileReference; lastKnownFileType = sourcecode.swift; path = ViewController.swift; sourceTree = "<group>"; };
		BF78CC1B26B7EBED00EB8308 /* Base */ = {isa = PBXFileReference; lastKnownFileType = file.storyboard; name = Base; path = Base.lproj/Main.storyboard; sourceTree = "<group>"; };
		BF78CC1D26B7EBEF00EB8308 /* Assets.xcassets */ = {isa = PBXFileReference; lastKnownFileType = folder.assetcatalog; path = Assets.xcassets; sourceTree = "<group>"; };
		BF78CC2026B7EBEF00EB8308 /* Base */ = {isa = PBXFileReference; lastKnownFileType = file.storyboard; name = Base; path = Base.lproj/LaunchScreen.storyboard; sourceTree = "<group>"; };
		BF78CC2226B7EBEF00EB8308 /* Info.plist */ = {isa = PBXFileReference; lastKnownFileType = text.plist.xml; path = Info.plist; sourceTree = "<group>"; };
		BF98B14026BDD4B400A0FBAC /* README.md */ = {isa = PBXFileReference; lastKnownFileType = net.daringfireball.markdown; path = README.md; sourceTree = "<group>"; };
/* End PBXFileReference section */

/* Begin PBXFrameworksBuildPhase section */
		BF78CC0E26B7EBED00EB8308 /* Frameworks */ = {
			isa = PBXFrameworksBuildPhase;
			buildActionMask = 2147483647;
			files = (
				159876AC4B503D14E8F4FCBB /* Pods_FiltersDemoProject.framework in Frameworks */,
			);
			runOnlyForDeploymentPostprocessing = 0;
		};
/* End PBXFrameworksBuildPhase section */

/* Begin PBXGroup section */
		25C06CA5172F2EDFE83D261B /* Frameworks */ = {
			isa = PBXGroup;
			children = (
				5109FD0D4ED740C52CCB5C0B /* Pods_FiltersDemoProject.framework */,
			);
			name = Frameworks;
			sourceTree = "<group>";
		};
		9A15D727B7661C89C1AFAC07 /* Pods */ = {
			isa = PBXGroup;
			children = (
				B3893A36D291A65C99DBC0FF /* Pods-FiltersDemoProject.debug.xcconfig */,
				55DC7D5987C0697B981FC339 /* Pods-FiltersDemoProject.release.xcconfig */,
			);
			path = Pods;
			sourceTree = "<group>";
		};
		BF78CC0826B7EBED00EB8308 = {
			isa = PBXGroup;
			children = (
				BF98B14026BDD4B400A0FBAC /* README.md */,
				BF78CC1326B7EBED00EB8308 /* FiltersDemoProject */,
				BF78CC1226B7EBED00EB8308 /* Products */,
				9A15D727B7661C89C1AFAC07 /* Pods */,
				25C06CA5172F2EDFE83D261B /* Frameworks */,
			);
			sourceTree = "<group>";
		};
		BF78CC1226B7EBED00EB8308 /* Products */ = {
			isa = PBXGroup;
			children = (
				BF78CC1126B7EBED00EB8308 /* FiltersDemoProject.app */,
			);
			name = Products;
			sourceTree = "<group>";
		};
		BF78CC1326B7EBED00EB8308 /* FiltersDemoProject */ = {
			isa = PBXGroup;
			children = (
				BF78CC1426B7EBED00EB8308 /* AppDelegate.swift */,
				BF78CC1626B7EBED00EB8308 /* SceneDelegate.swift */,
				BF78CC1826B7EBED00EB8308 /* ViewController.swift */,
				BF78CC1A26B7EBED00EB8308 /* Main.storyboard */,
				BF78CC1D26B7EBEF00EB8308 /* Assets.xcassets */,
				BF78CC1F26B7EBEF00EB8308 /* LaunchScreen.storyboard */,
				BF78CC2226B7EBEF00EB8308 /* Info.plist */,
			);
			path = FiltersDemoProject;
			sourceTree = "<group>";
		};
/* End PBXGroup section */

/* Begin PBXNativeTarget section */
		BF78CC1026B7EBED00EB8308 /* FiltersDemoProject */ = {
			isa = PBXNativeTarget;
			buildConfigurationList = BF78CC2526B7EBEF00EB8308 /* Build configuration list for PBXNativeTarget "FiltersDemoProject" */;
			buildPhases = (
				E7E2A3BCB28EA017346F7545 /* [CP] Check Pods Manifest.lock */,
				BF78CC0D26B7EBED00EB8308 /* Sources */,
				BF78CC0E26B7EBED00EB8308 /* Frameworks */,
				BF78CC0F26B7EBED00EB8308 /* Resources */,
				BF8EEB0426BD69DE0007D3F4 /* Embed Frameworks */,
				0B7A033464A6EF937EA67CA2 /* [CP] Embed Pods Frameworks */,
			);
			buildRules = (
			);
			dependencies = (
			);
			name = FiltersDemoProject;
			productName = BlurringTest;
			productReference = BF78CC1126B7EBED00EB8308 /* FiltersDemoProject.app */;
			productType = "com.apple.product-type.application";
		};
/* End PBXNativeTarget section */

/* Begin PBXProject section */
		BF78CC0926B7EBED00EB8308 /* Project object */ = {
			isa = PBXProject;
			attributes = {
				LastSwiftUpdateCheck = 1250;
				LastUpgradeCheck = 1250;
				TargetAttributes = {
					BF78CC1026B7EBED00EB8308 = {
						CreatedOnToolsVersion = 12.5.1;
					};
				};
			};
			buildConfigurationList = BF78CC0C26B7EBED00EB8308 /* Build configuration list for PBXProject "FiltersDemoProject" */;
			compatibilityVersion = "Xcode 9.3";
			developmentRegion = en;
			hasScannedForEncodings = 0;
			knownRegions = (
				en,
				Base,
			);
			mainGroup = BF78CC0826B7EBED00EB8308;
			productRefGroup = BF78CC1226B7EBED00EB8308 /* Products */;
			projectDirPath = "";
			projectRoot = "";
			targets = (
				BF78CC1026B7EBED00EB8308 /* FiltersDemoProject */,
			);
		};
/* End PBXProject section */

/* Begin PBXResourcesBuildPhase section */
		BF78CC0F26B7EBED00EB8308 /* Resources */ = {
			isa = PBXResourcesBuildPhase;
			buildActionMask = 2147483647;
			files = (
				BF78CC2126B7EBEF00EB8308 /* LaunchScreen.storyboard in Resources */,
				BF78CC1E26B7EBEF00EB8308 /* Assets.xcassets in Resources */,
				BF98B14126BDD4B400A0FBAC /* README.md in Resources */,
				BF78CC1C26B7EBED00EB8308 /* Main.storyboard in Resources */,
			);
			runOnlyForDeploymentPostprocessing = 0;
		};
/* End PBXResourcesBuildPhase section */

/* Begin PBXShellScriptBuildPhase section */
		0B7A033464A6EF937EA67CA2 /* [CP] Embed Pods Frameworks */ = {
			isa = PBXShellScriptBuildPhase;
			buildActionMask = 2147483647;
			files = (
			);
			inputFileListPaths = (
				"${PODS_ROOT}/Target Support Files/Pods-FiltersDemoProject/Pods-FiltersDemoProject-frameworks-${CONFIGURATION}-input-files.xcfilelist",
			);
			name = "[CP] Embed Pods Frameworks";
			outputFileListPaths = (
				"${PODS_ROOT}/Target Support Files/Pods-FiltersDemoProject/Pods-FiltersDemoProject-frameworks-${CONFIGURATION}-output-files.xcfilelist",
			);
			runOnlyForDeploymentPostprocessing = 0;
			shellPath = /bin/sh;
			shellScript = "\"${PODS_ROOT}/Target Support Files/Pods-FiltersDemoProject/Pods-FiltersDemoProject-frameworks.sh\"\n";
			showEnvVarsInLog = 0;
		};
		E7E2A3BCB28EA017346F7545 /* [CP] Check Pods Manifest.lock */ = {
			isa = PBXShellScriptBuildPhase;
			buildActionMask = 2147483647;
			files = (
			);
			inputFileListPaths = (
			);
			inputPaths = (
				"${PODS_PODFILE_DIR_PATH}/Podfile.lock",
				"${PODS_ROOT}/Manifest.lock",
			);
			name = "[CP] Check Pods Manifest.lock";
			outputFileListPaths = (
			);
			outputPaths = (
				"$(DERIVED_FILE_DIR)/Pods-FiltersDemoProject-checkManifestLockResult.txt",
			);
			runOnlyForDeploymentPostprocessing = 0;
			shellPath = /bin/sh;
			shellScript = "diff \"${PODS_PODFILE_DIR_PATH}/Podfile.lock\" \"${PODS_ROOT}/Manifest.lock\" > /dev/null\nif [ $? != 0 ] ; then\n    # print error to STDERR\n    echo \"error: The sandbox is not in sync with the Podfile.lock. Run 'pod install' or update your CocoaPods installation.\" >&2\n    exit 1\nfi\n# This output is used by Xcode 'outputs' to avoid re-running this script phase.\necho \"SUCCESS\" > \"${SCRIPT_OUTPUT_FILE_0}\"\n";
			showEnvVarsInLog = 0;
		};
/* End PBXShellScriptBuildPhase section */

/* Begin PBXSourcesBuildPhase section */
		BF78CC0D26B7EBED00EB8308 /* Sources */ = {
			isa = PBXSourcesBuildPhase;
			buildActionMask = 2147483647;
			files = (
				BF78CC1926B7EBED00EB8308 /* ViewController.swift in Sources */,
				BF78CC1526B7EBED00EB8308 /* AppDelegate.swift in Sources */,
				BF78CC1726B7EBED00EB8308 /* SceneDelegate.swift in Sources */,
			);
			runOnlyForDeploymentPostprocessing = 0;
		};
/* End PBXSourcesBuildPhase section */

/* Begin PBXVariantGroup section */
		BF78CC1A26B7EBED00EB8308 /* Main.storyboard */ = {
			isa = PBXVariantGroup;
			children = (
				BF78CC1B26B7EBED00EB8308 /* Base */,
			);
			name = Main.storyboard;
			sourceTree = "<group>";
		};
		BF78CC1F26B7EBEF00EB8308 /* LaunchScreen.storyboard */ = {
			isa = PBXVariantGroup;
			children = (
				BF78CC2026B7EBEF00EB8308 /* Base */,
			);
			name = LaunchScreen.storyboard;
			sourceTree = "<group>";
		};
/* End PBXVariantGroup section */

/* Begin XCBuildConfiguration section */
		BF78CC2326B7EBEF00EB8308 /* Debug */ = {
			isa = XCBuildConfiguration;
			buildSettings = {
				ALWAYS_SEARCH_USER_PATHS = NO;
				CLANG_ANALYZER_NONNULL = YES;
				CLANG_ANALYZER_NUMBER_OBJECT_CONVERSION = YES_AGGRESSIVE;
				CLANG_CXX_LANGUAGE_STANDARD = "gnu++14";
				CLANG_CXX_LIBRARY = "libc++";
				CLANG_ENABLE_MODULES = YES;
				CLANG_ENABLE_OBJC_ARC = YES;
				CLANG_ENABLE_OBJC_WEAK = YES;
				CLANG_WARN_BLOCK_CAPTURE_AUTORELEASING = YES;
				CLANG_WARN_BOOL_CONVERSION = YES;
				CLANG_WARN_COMMA = YES;
				CLANG_WARN_CONSTANT_CONVERSION = YES;
				CLANG_WARN_DEPRECATED_OBJC_IMPLEMENTATIONS = YES;
				CLANG_WARN_DIRECT_OBJC_ISA_USAGE = YES_ERROR;
				CLANG_WARN_DOCUMENTATION_COMMENTS = YES;
				CLANG_WARN_EMPTY_BODY = YES;
				CLANG_WARN_ENUM_CONVERSION = YES;
				CLANG_WARN_INFINITE_RECURSION = YES;
				CLANG_WARN_INT_CONVERSION = YES;
				CLANG_WARN_NON_LITERAL_NULL_CONVERSION = YES;
				CLANG_WARN_OBJC_IMPLICIT_RETAIN_SELF = YES;
				CLANG_WARN_OBJC_LITERAL_CONVERSION = YES;
				CLANG_WARN_OBJC_ROOT_CLASS = YES_ERROR;
				CLANG_WARN_QUOTED_INCLUDE_IN_FRAMEWORK_HEADER = YES;
				CLANG_WARN_RANGE_LOOP_ANALYSIS = YES;
				CLANG_WARN_STRICT_PROTOTYPES = YES;
				CLANG_WARN_SUSPICIOUS_MOVE = YES;
				CLANG_WARN_UNGUARDED_AVAILABILITY = YES_AGGRESSIVE;
				CLANG_WARN_UNREACHABLE_CODE = YES;
				CLANG_WARN__DUPLICATE_METHOD_MATCH = YES;
				COPY_PHASE_STRIP = NO;
				DEBUG_INFORMATION_FORMAT = dwarf;
				ENABLE_STRICT_OBJC_MSGSEND = YES;
				ENABLE_TESTABILITY = YES;
				GCC_C_LANGUAGE_STANDARD = gnu11;
				GCC_DYNAMIC_NO_PIC = NO;
				GCC_NO_COMMON_BLOCKS = YES;
				GCC_OPTIMIZATION_LEVEL = 0;
				GCC_PREPROCESSOR_DEFINITIONS = (
					"DEBUG=1",
					"$(inherited)",
				);
				GCC_WARN_64_TO_32_BIT_CONVERSION = YES;
				GCC_WARN_ABOUT_RETURN_TYPE = YES_ERROR;
				GCC_WARN_UNDECLARED_SELECTOR = YES;
				GCC_WARN_UNINITIALIZED_AUTOS = YES_AGGRESSIVE;
				GCC_WARN_UNUSED_FUNCTION = YES;
				GCC_WARN_UNUSED_VARIABLE = YES;
				IPHONEOS_DEPLOYMENT_TARGET = 14.5;
				MTL_ENABLE_DEBUG_INFO = INCLUDE_SOURCE;
				MTL_FAST_MATH = YES;
				ONLY_ACTIVE_ARCH = YES;
				SDKROOT = iphoneos;
				SWIFT_ACTIVE_COMPILATION_CONDITIONS = DEBUG;
				SWIFT_OPTIMIZATION_LEVEL = "-Onone";
			};
			name = Debug;
		};
		BF78CC2426B7EBEF00EB8308 /* Release */ = {
			isa = XCBuildConfiguration;
			buildSettings = {
				ALWAYS_SEARCH_USER_PATHS = NO;
				CLANG_ANALYZER_NONNULL = YES;
				CLANG_ANALYZER_NUMBER_OBJECT_CONVERSION = YES_AGGRESSIVE;
				CLANG_CXX_LANGUAGE_STANDARD = "gnu++14";
				CLANG_CXX_LIBRARY = "libc++";
				CLANG_ENABLE_MODULES = YES;
				CLANG_ENABLE_OBJC_ARC = YES;
				CLANG_ENABLE_OBJC_WEAK = YES;
				CLANG_WARN_BLOCK_CAPTURE_AUTORELEASING = YES;
				CLANG_WARN_BOOL_CONVERSION = YES;
				CLANG_WARN_COMMA = YES;
				CLANG_WARN_CONSTANT_CONVERSION = YES;
				CLANG_WARN_DEPRECATED_OBJC_IMPLEMENTATIONS = YES;
				CLANG_WARN_DIRECT_OBJC_ISA_USAGE = YES_ERROR;
				CLANG_WARN_DOCUMENTATION_COMMENTS = YES;
				CLANG_WARN_EMPTY_BODY = YES;
				CLANG_WARN_ENUM_CONVERSION = YES;
				CLANG_WARN_INFINITE_RECURSION = YES;
				CLANG_WARN_INT_CONVERSION = YES;
				CLANG_WARN_NON_LITERAL_NULL_CONVERSION = YES;
				CLANG_WARN_OBJC_IMPLICIT_RETAIN_SELF = YES;
				CLANG_WARN_OBJC_LITERAL_CONVERSION = YES;
				CLANG_WARN_OBJC_ROOT_CLASS = YES_ERROR;
				CLANG_WARN_QUOTED_INCLUDE_IN_FRAMEWORK_HEADER = YES;
				CLANG_WARN_RANGE_LOOP_ANALYSIS = YES;
				CLANG_WARN_STRICT_PROTOTYPES = YES;
				CLANG_WARN_SUSPICIOUS_MOVE = YES;
				CLANG_WARN_UNGUARDED_AVAILABILITY = YES_AGGRESSIVE;
				CLANG_WARN_UNREACHABLE_CODE = YES;
				CLANG_WARN__DUPLICATE_METHOD_MATCH = YES;
				COPY_PHASE_STRIP = NO;
				DEBUG_INFORMATION_FORMAT = "dwarf-with-dsym";
				ENABLE_NS_ASSERTIONS = NO;
				ENABLE_STRICT_OBJC_MSGSEND = YES;
				GCC_C_LANGUAGE_STANDARD = gnu11;
				GCC_NO_COMMON_BLOCKS = YES;
				GCC_WARN_64_TO_32_BIT_CONVERSION = YES;
				GCC_WARN_ABOUT_RETURN_TYPE = YES_ERROR;
				GCC_WARN_UNDECLARED_SELECTOR = YES;
				GCC_WARN_UNINITIALIZED_AUTOS = YES_AGGRESSIVE;
				GCC_WARN_UNUSED_FUNCTION = YES;
				GCC_WARN_UNUSED_VARIABLE = YES;
				IPHONEOS_DEPLOYMENT_TARGET = 14.5;
				MTL_ENABLE_DEBUG_INFO = NO;
				MTL_FAST_MATH = YES;
				SDKROOT = iphoneos;
				SWIFT_COMPILATION_MODE = wholemodule;
				SWIFT_OPTIMIZATION_LEVEL = "-O";
				VALIDATE_PRODUCT = YES;
			};
			name = Release;
		};
		BF78CC2626B7EBEF00EB8308 /* Debug */ = {
			isa = XCBuildConfiguration;
			baseConfigurationReference = B3893A36D291A65C99DBC0FF /* Pods-FiltersDemoProject.debug.xcconfig */;
			buildSettings = {
				ASSETCATALOG_COMPILER_APPICON_NAME = AppIcon;
				ASSETCATALOG_COMPILER_GLOBAL_ACCENT_COLOR_NAME = AccentColor;
				CODE_SIGN_STYLE = Automatic;
				DEVELOPMENT_TEAM = 7T54WZ2884;
				FRAMEWORK_SEARCH_PATHS = (
					"$(inherited)",
					"$(PROJECT_DIR)/FiltersDemoProject/Frameworks",
				);
				INFOPLIST_FILE = FiltersDemoProject/Info.plist;
				LD_RUNPATH_SEARCH_PATHS = (
					"$(inherited)",
					"@executable_path/Frameworks",
				);
				PRODUCT_BUNDLE_IDENTIFIER = com.hasanaygunoglu.FiltersDemoProject;
				PRODUCT_NAME = "$(TARGET_NAME)";
				SWIFT_VERSION = 5.0;
				TARGETED_DEVICE_FAMILY = "1,2";
				VALIDATE_WORKSPACE = YES;
			};
			name = Debug;
		};
		BF78CC2726B7EBEF00EB8308 /* Release */ = {
			isa = XCBuildConfiguration;
			baseConfigurationReference = 55DC7D5987C0697B981FC339 /* Pods-FiltersDemoProject.release.xcconfig */;
			buildSettings = {
				ASSETCATALOG_COMPILER_APPICON_NAME = AppIcon;
				ASSETCATALOG_COMPILER_GLOBAL_ACCENT_COLOR_NAME = AccentColor;
				CODE_SIGN_STYLE = Automatic;
				DEVELOPMENT_TEAM = 7T54WZ2884;
				FRAMEWORK_SEARCH_PATHS = (
					"$(inherited)",
					"$(PROJECT_DIR)/FiltersDemoProject/Frameworks",
				);
				INFOPLIST_FILE = FiltersDemoProject/Info.plist;
				LD_RUNPATH_SEARCH_PATHS = (
					"$(inherited)",
					"@executable_path/Frameworks",
				);
				PRODUCT_BUNDLE_IDENTIFIER = com.hasanaygunoglu.FiltersDemoProject;
				PRODUCT_NAME = "$(TARGET_NAME)";
				SWIFT_VERSION = 5.0;
				TARGETED_DEVICE_FAMILY = "1,2";
				VALIDATE_WORKSPACE = YES;
			};
			name = Release;
		};
/* End XCBuildConfiguration section */

/* Begin XCConfigurationList section */
		BF78CC0C26B7EBED00EB8308 /* Build configuration list for PBXProject "FiltersDemoProject" */ = {
			isa = XCConfigurationList;
			buildConfigurations = (
				BF78CC2326B7EBEF00EB8308 /* Debug */,
				BF78CC2426B7EBEF00EB8308 /* Release */,
			);
			defaultConfigurationIsVisible = 0;
			defaultConfigurationName = Release;
		};
		BF78CC2526B7EBEF00EB8308 /* Build configuration list for PBXNativeTarget "FiltersDemoProject" */ = {
			isa = XCConfigurationList;
			buildConfigurations = (
				BF78CC2626B7EBEF00EB8308 /* Debug */,
				BF78CC2726B7EBEF00EB8308 /* Release */,
			);
			defaultConfigurationIsVisible = 0;
			defaultConfigurationName = Release;
		};
/* End XCConfigurationList section */
	};
	rootObject = BF78CC0926B7EBED00EB8308 /* Project object */;
}
